
Microsoft Visual Studio Solution File, Format Version 12.00
# Visual Studio 15
VisualStudioVersion = 15.0.28307.2092
MinimumVisualStudioVersion = 10.0.40219.1
Project("{FAE04EC0-301F-11D3-BF4B-00C04F79EFBC}") = "MW2 GT", "MW2_GT\MW2 GT.csproj", "{34D541B2-356E-4FDA-B9AE-CB7FBA30C02A}"
EndProject
Global
	GlobalSection(SolutionConfigurationPlatforms) = preSolution
		Debug|Any CPU = Debug|Any CPU
		Release|Any CPU = Release|Any CPU
	EndGlobalSection
	GlobalSection(ProjectConfigurationPlatforms) = postSolution
		{34D541B2-356E-4FDA-B9AE-CB7FBA30C02A}.Debug|Any CPU.ActiveCfg = Debug|Any CPU
		{34D541B2-356E-4FDA-B9AE-CB7FBA30C02A}.Debug|Any CPU.Build.0 = Debug|Any CPU
		{34D541B2-356E-4FDA-B9AE-CB7FBA30C02A}.Release|Any CPU.ActiveCfg = Release|Any CPU
		{34D541B2-356E-4FDA-B9AE-CB7FBA30C02A}.Release|Any CPU.Build.0 = Release|Any CPU
	EndGlobalSection
	GlobalSection(SolutionProperties) = preSolution
		HideSolutionNode = FALSE
	EndGlobalSection
	GlobalSection(ExtensibilityGlobals) = postSolution
		SolutionGuid = {996EA901-1F9F-4275-AF08-0E3C1377BB11}
	EndGlobalSection
EndGlobal
